
Microsoft Visual Studio Solution File, Format Version 12.00
# Visual Studio Version 16
VisualStudioVersion = 16.0.31112.23
MinimumVisualStudioVersion = 10.0.40219.1
Project("{FAE04EC0-301F-11D3-BF4B-00C04F79EFBC}") = "WorkingWithViewBag", "WorkingWithViewBag\WorkingWithViewBag.csproj", "{1B83641D-E445-4B3C-AE8B-0A9AD0AF7FDC}"
EndProject
Global
	GlobalSection(SolutionConfigurationPlatforms) = preSolution
		Debug|Any CPU = Debug|Any CPU
		Release|Any CPU = Release|Any CPU
	EndGlobalSection
	GlobalSection(ProjectConfigurationPlatforms) = postSolution
		{1B83641D-E445-4B3C-AE8B-0A9AD0AF7FDC}.Debug|Any CPU.ActiveCfg = Debug|Any CPU
		{1B83641D-E445-4B3C-AE8B-0A9AD0AF7FDC}.Debug|Any CPU.Build.0 = Debug|Any CPU
		{1B83641D-E445-4B3C-AE8B-0A9AD0AF7FDC}.Release|Any CPU.ActiveCfg = Release|Any CPU
		{1B83641D-E445-4B3C-AE8B-0A9AD0AF7FDC}.Release|Any CPU.Build.0 = Release|Any CPU
	EndGlobalSection
	GlobalSection(SolutionProperties) = preSolution
		HideSolutionNode = FALSE
	EndGlobalSection
	GlobalSection(ExtensibilityGlobals) = postSolution
		SolutionGuid = {B22CF6E2-C949-4C41-9A61-273591FD1440}
	EndGlobalSection
EndGlobal
