
Microsoft Visual Studio Solution File, Format Version 12.00
# Visual Studio Version 16
VisualStudioVersion = 16.0.31112.23
MinimumVisualStudioVersion = 10.0.40219.1
Project("{FAE04EC0-301F-11D3-BF4B-00C04F79EFBC}") = "RecapStartUpDemo", "RecapStartUpDemo\RecapStartUpDemo.csproj", "{A2F4AC98-B542-4E27-9B5E-6314198EECBA}"
EndProject
Global
	GlobalSection(SolutionConfigurationPlatforms) = preSolution
		Debug|Any CPU = Debug|Any CPU
		Release|Any CPU = Release|Any CPU
	EndGlobalSection
	GlobalSection(ProjectConfigurationPlatforms) = postSolution
		{A2F4AC98-B542-4E27-9B5E-6314198EECBA}.Debug|Any CPU.ActiveCfg = Debug|Any CPU
		{A2F4AC98-B542-4E27-9B5E-6314198EECBA}.Debug|Any CPU.Build.0 = Debug|Any CPU
		{A2F4AC98-B542-4E27-9B5E-6314198EECBA}.Release|Any CPU.ActiveCfg = Release|Any CPU
		{A2F4AC98-B542-4E27-9B5E-6314198EECBA}.Release|Any CPU.Build.0 = Release|Any CPU
	EndGlobalSection
	GlobalSection(SolutionProperties) = preSolution
		HideSolutionNode = FALSE
	EndGlobalSection
	GlobalSection(ExtensibilityGlobals) = postSolution
		SolutionGuid = {776171E4-70C3-4B15-9935-64201983CB84}
	EndGlobalSection
EndGlobal
