
Microsoft Visual Studio Solution File, Format Version 12.00
# Visual Studio Version 16
VisualStudioVersion = 16.0.30804.86
MinimumVisualStudioVersion = 10.0.40219.1
Project("{FAE04EC0-301F-11D3-BF4B-00C04F79EFBC}") = "IntroductionAspNetCoreMvc", "IntroductionAspNetCoreMvc\IntroductionAspNetCoreMvc.csproj", "{B43B6480-0887-4481-B61A-AFFFE0A1BE06}"
EndProject
Global
	GlobalSection(SolutionConfigurationPlatforms) = preSolution
		Debug|Any CPU = Debug|Any CPU
		Release|Any CPU = Release|Any CPU
	EndGlobalSection
	GlobalSection(ProjectConfigurationPlatforms) = postSolution
		{B43B6480-0887-4481-B61A-AFFFE0A1BE06}.Debug|Any CPU.ActiveCfg = Debug|Any CPU
		{B43B6480-0887-4481-B61A-AFFFE0A1BE06}.Debug|Any CPU.Build.0 = Debug|Any CPU
		{B43B6480-0887-4481-B61A-AFFFE0A1BE06}.Release|Any CPU.ActiveCfg = Release|Any CPU
		{B43B6480-0887-4481-B61A-AFFFE0A1BE06}.Release|Any CPU.Build.0 = Release|Any CPU
	EndGlobalSection
	GlobalSection(SolutionProperties) = preSolution
		HideSolutionNode = FALSE
	EndGlobalSection
	GlobalSection(ExtensibilityGlobals) = postSolution
		SolutionGuid = {A0736C5B-2A0D-42AB-AC06-787B5708EF97}
	EndGlobalSection
EndGlobal
