
Microsoft Visual Studio Solution File, Format Version 12.00
# Visual Studio Version 16
VisualStudioVersion = 16.0.31112.23
MinimumVisualStudioVersion = 10.0.40219.1
Project("{FAE04EC0-301F-11D3-BF4B-00C04F79EFBC}") = "WorkingWithSection", "WorkingWithSection\WorkingWithSection.csproj", "{FE9546D1-EBC6-4557-9813-F5A089133151}"
EndProject
Global
	GlobalSection(SolutionConfigurationPlatforms) = preSolution
		Debug|Any CPU = Debug|Any CPU
		Release|Any CPU = Release|Any CPU
	EndGlobalSection
	GlobalSection(ProjectConfigurationPlatforms) = postSolution
		{FE9546D1-EBC6-4557-9813-F5A089133151}.Debug|Any CPU.ActiveCfg = Debug|Any CPU
		{FE9546D1-EBC6-4557-9813-F5A089133151}.Debug|Any CPU.Build.0 = Debug|Any CPU
		{FE9546D1-EBC6-4557-9813-F5A089133151}.Release|Any CPU.ActiveCfg = Release|Any CPU
		{FE9546D1-EBC6-4557-9813-F5A089133151}.Release|Any CPU.Build.0 = Release|Any CPU
	EndGlobalSection
	GlobalSection(SolutionProperties) = preSolution
		HideSolutionNode = FALSE
	EndGlobalSection
	GlobalSection(ExtensibilityGlobals) = postSolution
		SolutionGuid = {E4197E90-1F0E-4D2E-AE2F-6D2DEC850D2B}
	EndGlobalSection
EndGlobal
