
Microsoft Visual Studio Solution File, Format Version 12.00
# Visual Studio Version 16
VisualStudioVersion = 16.0.31129.286
MinimumVisualStudioVersion = 10.0.40219.1
Project("{FAE04EC0-301F-11D3-BF4B-00C04F79EFBC}") = "UI", "UI\UI.csproj", "{A21CFFFB-AFB1-4E6D-960D-177E2FEFE275}"
EndProject
Project("{FAE04EC0-301F-11D3-BF4B-00C04F79EFBC}") = "Models", "Models\Models.csproj", "{A9B972CA-74D5-4F20-9FE1-ABE17458E37F}"
EndProject
Project("{FAE04EC0-301F-11D3-BF4B-00C04F79EFBC}") = "DataAccess", "DataAccess\DataAccess.csproj", "{C168E52B-AE3B-41F9-BF33-91C1F7FA6FC8}"
EndProject
Project("{FAE04EC0-301F-11D3-BF4B-00C04F79EFBC}") = "API", "API\API.csproj", "{8DA36FBB-1EA8-46A9-AF10-802E27A240F0}"
EndProject
Project("{FAE04EC0-301F-11D3-BF4B-00C04F79EFBC}") = "Test", "Test\Test.csproj", "{9736969A-154F-4899-B477-F2ADFFEE22F7}"
EndProject
Global
	GlobalSection(SolutionConfigurationPlatforms) = preSolution
		Debug|Any CPU = Debug|Any CPU
		Release|Any CPU = Release|Any CPU
	EndGlobalSection
	GlobalSection(ProjectConfigurationPlatforms) = postSolution
		{A21CFFFB-AFB1-4E6D-960D-177E2FEFE275}.Debug|Any CPU.ActiveCfg = Debug|Any CPU
		{A21CFFFB-AFB1-4E6D-960D-177E2FEFE275}.Debug|Any CPU.Build.0 = Debug|Any CPU
		{A21CFFFB-AFB1-4E6D-960D-177E2FEFE275}.Release|Any CPU.ActiveCfg = Release|Any CPU
		{A21CFFFB-AFB1-4E6D-960D-177E2FEFE275}.Release|Any CPU.Build.0 = Release|Any CPU
		{A9B972CA-74D5-4F20-9FE1-ABE17458E37F}.Debug|Any CPU.ActiveCfg = Debug|Any CPU
		{A9B972CA-74D5-4F20-9FE1-ABE17458E37F}.Debug|Any CPU.Build.0 = Debug|Any CPU
		{A9B972CA-74D5-4F20-9FE1-ABE17458E37F}.Release|Any CPU.ActiveCfg = Release|Any CPU
		{A9B972CA-74D5-4F20-9FE1-ABE17458E37F}.Release|Any CPU.Build.0 = Release|Any CPU
		{C168E52B-AE3B-41F9-BF33-91C1F7FA6FC8}.Debug|Any CPU.ActiveCfg = Debug|Any CPU
		{C168E52B-AE3B-41F9-BF33-91C1F7FA6FC8}.Debug|Any CPU.Build.0 = Debug|Any CPU
		{C168E52B-AE3B-41F9-BF33-91C1F7FA6FC8}.Release|Any CPU.ActiveCfg = Release|Any CPU
		{C168E52B-AE3B-41F9-BF33-91C1F7FA6FC8}.Release|Any CPU.Build.0 = Release|Any CPU
		{8DA36FBB-1EA8-46A9-AF10-802E27A240F0}.Debug|Any CPU.ActiveCfg = Debug|Any CPU
		{8DA36FBB-1EA8-46A9-AF10-802E27A240F0}.Debug|Any CPU.Build.0 = Debug|Any CPU
		{8DA36FBB-1EA8-46A9-AF10-802E27A240F0}.Release|Any CPU.ActiveCfg = Release|Any CPU
		{8DA36FBB-1EA8-46A9-AF10-802E27A240F0}.Release|Any CPU.Build.0 = Release|Any CPU
		{9736969A-154F-4899-B477-F2ADFFEE22F7}.Debug|Any CPU.ActiveCfg = Debug|Any CPU
		{9736969A-154F-4899-B477-F2ADFFEE22F7}.Debug|Any CPU.Build.0 = Debug|Any CPU
		{9736969A-154F-4899-B477-F2ADFFEE22F7}.Release|Any CPU.ActiveCfg = Release|Any CPU
		{9736969A-154F-4899-B477-F2ADFFEE22F7}.Release|Any CPU.Build.0 = Release|Any CPU
	EndGlobalSection
	GlobalSection(SolutionProperties) = preSolution
		HideSolutionNode = FALSE
	EndGlobalSection
	GlobalSection(ExtensibilityGlobals) = postSolution
		SolutionGuid = {1D4C9FB6-8D9E-4861-A39F-91D8FF3C6D34}
	EndGlobalSection
EndGlobal
