
Microsoft Visual Studio Solution File, Format Version 12.00
# Visual Studio Version 16
VisualStudioVersion = 16.0.31112.23
MinimumVisualStudioVersion = 10.0.40219.1
Project("{FAE04EC0-301F-11D3-BF4B-00C04F79EFBC}") = "WorkingWithController", "WorkingWithController\WorkingWithController.csproj", "{A0736D8E-BE0E-42C3-8494-34D70CE6A7B5}"
EndProject
Global
	GlobalSection(SolutionConfigurationPlatforms) = preSolution
		Debug|Any CPU = Debug|Any CPU
		Release|Any CPU = Release|Any CPU
	EndGlobalSection
	GlobalSection(ProjectConfigurationPlatforms) = postSolution
		{A0736D8E-BE0E-42C3-8494-34D70CE6A7B5}.Debug|Any CPU.ActiveCfg = Debug|Any CPU
		{A0736D8E-BE0E-42C3-8494-34D70CE6A7B5}.Debug|Any CPU.Build.0 = Debug|Any CPU
		{A0736D8E-BE0E-42C3-8494-34D70CE6A7B5}.Release|Any CPU.ActiveCfg = Release|Any CPU
		{A0736D8E-BE0E-42C3-8494-34D70CE6A7B5}.Release|Any CPU.Build.0 = Release|Any CPU
	EndGlobalSection
	GlobalSection(SolutionProperties) = preSolution
		HideSolutionNode = FALSE
	EndGlobalSection
	GlobalSection(ExtensibilityGlobals) = postSolution
		SolutionGuid = {883C45BE-EE9D-4236-B268-9314123182CA}
	EndGlobalSection
EndGlobal
